
Microsoft Visual Studio Solution File, Format Version 12.00
# Visual Studio Version 17
VisualStudioVersion = 17.6.33712.159
MinimumVisualStudioVersion = 10.0.40219.1
Project("{FAE04EC0-301F-11D3-BF4B-00C04F79EFBC}") = "temp_skillAssessment01", "temp_skillAssessment01\temp_skillAssessment01.csproj", "{8B6AF90B-83D8-45C5-B4FA-ECCE59C6CAF9}"
EndProject
Global
	GlobalSection(SolutionConfigurationPlatforms) = preSolution
		Debug|Any CPU = Debug|Any CPU
		Release|Any CPU = Release|Any CPU
	EndGlobalSection
	GlobalSection(ProjectConfigurationPlatforms) = postSolution
		{8B6AF90B-83D8-45C5-B4FA-ECCE59C6CAF9}.Debug|Any CPU.ActiveCfg = Debug|Any CPU
		{8B6AF90B-83D8-45C5-B4FA-ECCE59C6CAF9}.Debug|Any CPU.Build.0 = Debug|Any CPU
		{8B6AF90B-83D8-45C5-B4FA-ECCE59C6CAF9}.Release|Any CPU.ActiveCfg = Release|Any CPU
		{8B6AF90B-83D8-45C5-B4FA-ECCE59C6CAF9}.Release|Any CPU.Build.0 = Release|Any CPU
	EndGlobalSection
	GlobalSection(SolutionProperties) = preSolution
		HideSolutionNode = FALSE
	EndGlobalSection
	GlobalSection(ExtensibilityGlobals) = postSolution
		SolutionGuid = {117E01A6-5283-408B-BB47-A677E348A594}
	EndGlobalSection
EndGlobal
